
Microsoft Visual Studio Solution File, Format Version 12.00
# Visual Studio Version 17
VisualStudioVersion = 17.6.33829.357
MinimumVisualStudioVersion = 10.0.40219.1
Project("{FAE04EC0-301F-11D3-BF4B-00C04F79EFBC}") = "TP3VanierZachary(NG)", "TP3VanierZachary(NG)\TP3VanierZachary(NG).csproj", "{B4064D47-4904-4E5D-8438-6EBF5AEFB68B}"
EndProject
Global
	GlobalSection(SolutionConfigurationPlatforms) = preSolution
		Debug|Any CPU = Debug|Any CPU
		Release|Any CPU = Release|Any CPU
	EndGlobalSection
	GlobalSection(ProjectConfigurationPlatforms) = postSolution
		{B4064D47-4904-4E5D-8438-6EBF5AEFB68B}.Debug|Any CPU.ActiveCfg = Debug|Any CPU
		{B4064D47-4904-4E5D-8438-6EBF5AEFB68B}.Debug|Any CPU.Build.0 = Debug|Any CPU
		{B4064D47-4904-4E5D-8438-6EBF5AEFB68B}.Release|Any CPU.ActiveCfg = Release|Any CPU
		{B4064D47-4904-4E5D-8438-6EBF5AEFB68B}.Release|Any CPU.Build.0 = Release|Any CPU
	EndGlobalSection
	GlobalSection(SolutionProperties) = preSolution
		HideSolutionNode = FALSE
	EndGlobalSection
	GlobalSection(ExtensibilityGlobals) = postSolution
		SolutionGuid = {575703C3-6A1A-4035-9119-346CDEFA2132}
	EndGlobalSection
EndGlobal
